
Microsoft Visual Studio Solution File, Format Version 12.00
# Visual Studio Version 17
VisualStudioVersion = 17.5.002.0
MinimumVisualStudioVersion = 10.0.40219.1
Project("{2150E333-8FDC-42A3-9474-1A3956D46DE8}") = "c#", "c#", "{E840DE4D-7BB2-4DEA-91A0-CD24B90E81EC}"
EndProject
Project("{9A19103F-16F7-4668-BE54-9A1E7A4F7556}") = "factorial", "c#\factorial\factorial.csproj", "{49D26ACE-AF4F-4318-A2DA-A2AFA405D086}"
EndProject
Global
	GlobalSection(SolutionConfigurationPlatforms) = preSolution
		Debug|Any CPU = Debug|Any CPU
		Release|Any CPU = Release|Any CPU
	EndGlobalSection
	GlobalSection(ProjectConfigurationPlatforms) = postSolution
		{49D26ACE-AF4F-4318-A2DA-A2AFA405D086}.Debug|Any CPU.ActiveCfg = Debug|Any CPU
		{49D26ACE-AF4F-4318-A2DA-A2AFA405D086}.Debug|Any CPU.Build.0 = Debug|Any CPU
		{49D26ACE-AF4F-4318-A2DA-A2AFA405D086}.Release|Any CPU.ActiveCfg = Release|Any CPU
		{49D26ACE-AF4F-4318-A2DA-A2AFA405D086}.Release|Any CPU.Build.0 = Release|Any CPU
	EndGlobalSection
	GlobalSection(SolutionProperties) = preSolution
		HideSolutionNode = FALSE
	EndGlobalSection
	GlobalSection(NestedProjects) = preSolution
		{49D26ACE-AF4F-4318-A2DA-A2AFA405D086} = {E840DE4D-7BB2-4DEA-91A0-CD24B90E81EC}
	EndGlobalSection
	GlobalSection(ExtensibilityGlobals) = postSolution
		SolutionGuid = {F7A14986-8B73-4691-B62E-7637F5273A19}
	EndGlobalSection
EndGlobal
